
Microsoft Visual Studio Solution File, Format Version 12.00
# Visual Studio 15
VisualStudioVersion = 15.0.28010.2019
MinimumVisualStudioVersion = 10.0.40219.1
Project("{FAE04EC0-301F-11D3-BF4B-00C04F79EFBC}") = "NumberParser", "NumberParser\NumberParser.csproj", "{61E6A5C4-6D36-470B-9180-7A35CDF97DED}"
EndProject
Project("{FAE04EC0-301F-11D3-BF4B-00C04F79EFBC}") = "NumberParser.Tests", "NumberParser.Tests\NumberParser.Tests.csproj", "{1818B85B-0F31-4F80-99B4-036908231194}"
EndProject
Global
	GlobalSection(SolutionConfigurationPlatforms) = preSolution
		Debug|Any CPU = Debug|Any CPU
		Release|Any CPU = Release|Any CPU
	EndGlobalSection
	GlobalSection(ProjectConfigurationPlatforms) = postSolution
		{61E6A5C4-6D36-470B-9180-7A35CDF97DED}.Debug|Any CPU.ActiveCfg = Debug|Any CPU
		{61E6A5C4-6D36-470B-9180-7A35CDF97DED}.Debug|Any CPU.Build.0 = Debug|Any CPU
		{61E6A5C4-6D36-470B-9180-7A35CDF97DED}.Release|Any CPU.ActiveCfg = Release|Any CPU
		{61E6A5C4-6D36-470B-9180-7A35CDF97DED}.Release|Any CPU.Build.0 = Release|Any CPU
		{1818B85B-0F31-4F80-99B4-036908231194}.Debug|Any CPU.ActiveCfg = Debug|Any CPU
		{1818B85B-0F31-4F80-99B4-036908231194}.Debug|Any CPU.Build.0 = Debug|Any CPU
		{1818B85B-0F31-4F80-99B4-036908231194}.Release|Any CPU.ActiveCfg = Release|Any CPU
		{1818B85B-0F31-4F80-99B4-036908231194}.Release|Any CPU.Build.0 = Release|Any CPU
	EndGlobalSection
	GlobalSection(SolutionProperties) = preSolution
		HideSolutionNode = FALSE
	EndGlobalSection
	GlobalSection(ExtensibilityGlobals) = postSolution
		SolutionGuid = {E1FA8190-DC77-4FAA-B4EF-DA207EAC8DE4}
	EndGlobalSection
EndGlobal
